
Microsoft Visual Studio Solution File, Format Version 12.00
# Visual Studio Version 16
VisualStudioVersion = 16.0.31624.102
MinimumVisualStudioVersion = 10.0.40219.1
Project("{FAE04EC0-301F-11D3-BF4B-00C04F79EFBC}") = "Prototype", "Prototype\Prototype.csproj", "{ECC94D03-0515-492E-B5BB-AF29E23EFF5F}"
EndProject
Project("{FAE04EC0-301F-11D3-BF4B-00C04F79EFBC}") = "PrototypeInheritance", "PrototypeInheritance\PrototypeInheritance.csproj", "{C4BB0AB9-BF79-4CE2-8417-F13623C3A613}"
EndProject
Project("{FAE04EC0-301F-11D3-BF4B-00C04F79EFBC}") = "CopyThroughSerialization", "CopyThroughSerialization\CopyThroughSerialization.csproj", "{3B03BCE7-C4D2-4F79-895D-3B0C3F634F0C}"
EndProject
Project("{FAE04EC0-301F-11D3-BF4B-00C04F79EFBC}") = "PrototypeCodingExercise", "PrototypeCodingExercise\PrototypeCodingExercise.csproj", "{585FD26B-A83B-437C-9CDF-32D565AEE709}"
EndProject
Global
	GlobalSection(SolutionConfigurationPlatforms) = preSolution
		Debug|Any CPU = Debug|Any CPU
		Release|Any CPU = Release|Any CPU
	EndGlobalSection
	GlobalSection(ProjectConfigurationPlatforms) = postSolution
		{ECC94D03-0515-492E-B5BB-AF29E23EFF5F}.Debug|Any CPU.ActiveCfg = Debug|Any CPU
		{ECC94D03-0515-492E-B5BB-AF29E23EFF5F}.Debug|Any CPU.Build.0 = Debug|Any CPU
		{ECC94D03-0515-492E-B5BB-AF29E23EFF5F}.Release|Any CPU.ActiveCfg = Release|Any CPU
		{ECC94D03-0515-492E-B5BB-AF29E23EFF5F}.Release|Any CPU.Build.0 = Release|Any CPU
		{C4BB0AB9-BF79-4CE2-8417-F13623C3A613}.Debug|Any CPU.ActiveCfg = Debug|Any CPU
		{C4BB0AB9-BF79-4CE2-8417-F13623C3A613}.Debug|Any CPU.Build.0 = Debug|Any CPU
		{C4BB0AB9-BF79-4CE2-8417-F13623C3A613}.Release|Any CPU.ActiveCfg = Release|Any CPU
		{C4BB0AB9-BF79-4CE2-8417-F13623C3A613}.Release|Any CPU.Build.0 = Release|Any CPU
		{3B03BCE7-C4D2-4F79-895D-3B0C3F634F0C}.Debug|Any CPU.ActiveCfg = Debug|Any CPU
		{3B03BCE7-C4D2-4F79-895D-3B0C3F634F0C}.Debug|Any CPU.Build.0 = Debug|Any CPU
		{3B03BCE7-C4D2-4F79-895D-3B0C3F634F0C}.Release|Any CPU.ActiveCfg = Release|Any CPU
		{3B03BCE7-C4D2-4F79-895D-3B0C3F634F0C}.Release|Any CPU.Build.0 = Release|Any CPU
		{585FD26B-A83B-437C-9CDF-32D565AEE709}.Debug|Any CPU.ActiveCfg = Debug|Any CPU
		{585FD26B-A83B-437C-9CDF-32D565AEE709}.Debug|Any CPU.Build.0 = Debug|Any CPU
		{585FD26B-A83B-437C-9CDF-32D565AEE709}.Release|Any CPU.ActiveCfg = Release|Any CPU
		{585FD26B-A83B-437C-9CDF-32D565AEE709}.Release|Any CPU.Build.0 = Release|Any CPU
	EndGlobalSection
	GlobalSection(SolutionProperties) = preSolution
		HideSolutionNode = FALSE
	EndGlobalSection
	GlobalSection(ExtensibilityGlobals) = postSolution
		SolutionGuid = {9142374D-C2C2-48E1-B3BE-2AAB7BE8FB10}
	EndGlobalSection
EndGlobal
