
Microsoft Visual Studio Solution File, Format Version 12.00
# Visual Studio Version 16
VisualStudioVersion = 16.0.31605.320
MinimumVisualStudioVersion = 10.0.40219.1
Project("{9A19103F-16F7-4668-BE54-9A1E7A4F7556}") = "FactoryMethod", "FactoryMethod\FactoryMethod.csproj", "{157017C1-AD37-4690-8D44-7A4FBEE84B6F}"
EndProject
Project("{9A19103F-16F7-4668-BE54-9A1E7A4F7556}") = "AsynchronousFactoryMethod", "AsynchronousFactoryMethod\AsynchronousFactoryMethod.csproj", "{BF1435DC-1966-476F-B682-3883E7F8E4FA}"
EndProject
Project("{9A19103F-16F7-4668-BE54-9A1E7A4F7556}") = "AbstractFactory", "AbstractFactory\AbstractFactory.csproj", "{89276F22-4BFC-4AED-A949-69337700D073}"
EndProject
Project("{FAE04EC0-301F-11D3-BF4B-00C04F79EFBC}") = "FactoryCodingExercice", "FactoryCodingExercice\FactoryCodingExercice.csproj", "{FD4EBBAB-76CB-41CA-913E-F164481225F7}"
EndProject
Global
	GlobalSection(SolutionConfigurationPlatforms) = preSolution
		Debug|Any CPU = Debug|Any CPU
		Release|Any CPU = Release|Any CPU
	EndGlobalSection
	GlobalSection(ProjectConfigurationPlatforms) = postSolution
		{157017C1-AD37-4690-8D44-7A4FBEE84B6F}.Debug|Any CPU.ActiveCfg = Debug|Any CPU
		{157017C1-AD37-4690-8D44-7A4FBEE84B6F}.Debug|Any CPU.Build.0 = Debug|Any CPU
		{157017C1-AD37-4690-8D44-7A4FBEE84B6F}.Release|Any CPU.ActiveCfg = Release|Any CPU
		{157017C1-AD37-4690-8D44-7A4FBEE84B6F}.Release|Any CPU.Build.0 = Release|Any CPU
		{BF1435DC-1966-476F-B682-3883E7F8E4FA}.Debug|Any CPU.ActiveCfg = Debug|Any CPU
		{BF1435DC-1966-476F-B682-3883E7F8E4FA}.Debug|Any CPU.Build.0 = Debug|Any CPU
		{BF1435DC-1966-476F-B682-3883E7F8E4FA}.Release|Any CPU.ActiveCfg = Release|Any CPU
		{BF1435DC-1966-476F-B682-3883E7F8E4FA}.Release|Any CPU.Build.0 = Release|Any CPU
		{89276F22-4BFC-4AED-A949-69337700D073}.Debug|Any CPU.ActiveCfg = Debug|Any CPU
		{89276F22-4BFC-4AED-A949-69337700D073}.Debug|Any CPU.Build.0 = Debug|Any CPU
		{89276F22-4BFC-4AED-A949-69337700D073}.Release|Any CPU.ActiveCfg = Release|Any CPU
		{89276F22-4BFC-4AED-A949-69337700D073}.Release|Any CPU.Build.0 = Release|Any CPU
		{FD4EBBAB-76CB-41CA-913E-F164481225F7}.Debug|Any CPU.ActiveCfg = Debug|Any CPU
		{FD4EBBAB-76CB-41CA-913E-F164481225F7}.Debug|Any CPU.Build.0 = Debug|Any CPU
		{FD4EBBAB-76CB-41CA-913E-F164481225F7}.Release|Any CPU.ActiveCfg = Release|Any CPU
		{FD4EBBAB-76CB-41CA-913E-F164481225F7}.Release|Any CPU.Build.0 = Release|Any CPU
	EndGlobalSection
	GlobalSection(SolutionProperties) = preSolution
		HideSolutionNode = FALSE
	EndGlobalSection
	GlobalSection(ExtensibilityGlobals) = postSolution
		SolutionGuid = {E24A5FF8-FCFA-478C-8385-B8FE374A0540}
	EndGlobalSection
EndGlobal
